// !$*UTF8*$!
{
	archiveVersion = 1;
	classes = {
	};
	objectVersion = 50;
	objects = {

/* Begin PBXBuildFile section */
		45AD8A222489594100B44B68 /* AppDelegate.swift in Sources */ = {isa = PBXBuildFile; fileRef = 45AD8A212489594100B44B68 /* AppDelegate.swift */; };
		45AD8A242489594100B44B68 /* SceneDelegate.swift in Sources */ = {isa = PBXBuildFile; fileRef = 45AD8A232489594100B44B68 /* SceneDelegate.swift */; };
		45AD8A262489594100B44B68 /* MasterViewController.swift in Sources */ = {isa = PBXBuildFile; fileRef = 45AD8A252489594100B44B68 /* MasterViewController.swift */; };
		45AD8A292489594100B44B68 /* Main.storyboard in Resources */ = {isa = PBXBuildFile; fileRef = 45AD8A272489594100B44B68 /* Main.storyboard */; };
		45AD8A2B2489594700B44B68 /* Assets.xcassets in Resources */ = {isa = PBXBuildFile; fileRef = 45AD8A2A2489594700B44B68 /* Assets.xcassets */; };
		45AD8A2E2489594700B44B68 /* LaunchScreen.storyboard in Resources */ = {isa = PBXBuildFile; fileRef = 45AD8A2C2489594700B44B68 /* LaunchScreen.storyboard */; };
		45AD8A3724896B4900B44B68 /* BBViewController.swift in Sources */ = {isa = PBXBuildFile; fileRef = 45AD8A3624896B4900B44B68 /* BBViewController.swift */; };
		45AD8A3924896B5D00B44B68 /* ARViewController.swift in Sources */ = {isa = PBXBuildFile; fileRef = 45AD8A3824896B5D00B44B68 /* ARViewController.swift */; };
		45AD8A3E24898C0200B44B68 /* StatusViewController.swift in Sources */ = {isa = PBXBuildFile; fileRef = 45AD8A3D24898C0200B44B68 /* StatusViewController.swift */; };
		45AD8A4024898D9100B44B68 /* LabelScene.sks in Resources */ = {isa = PBXBuildFile; fileRef = 45AD8A3F24898D9100B44B68 /* LabelScene.sks */; };
		45AD8A4224898E0200B44B68 /* TemplateLabelNode.swift in Sources */ = {isa = PBXBuildFile; fileRef = 45AD8A4124898E0100B44B68 /* TemplateLabelNode.swift */; };
		45AD8A4524898FF900B44B68 /* Utilities.swift in Sources */ = {isa = PBXBuildFile; fileRef = 45AD8A4424898FF900B44B68 /* Utilities.swift */; };
		45AD8A472489914D00B44B68 /* ScuffedDetector.mlmodel in Sources */ = {isa = PBXBuildFile; fileRef = 45AD8A462489914D00B44B68 /* ScuffedDetector.mlmodel */; };
/* End PBXBuildFile section */

/* Begin PBXFileReference section */
		45AD8A1E2489594100B44B68 /* EffaAR.app */ = {isa = PBXFileReference; explicitFileType = wrapper.application; includeInIndex = 0; path = EffaAR.app; sourceTree = BUILT_PRODUCTS_DIR; };
		45AD8A212489594100B44B68 /* AppDelegate.swift */ = {isa = PBXFileReference; lastKnownFileType = sourcecode.swift; path = AppDelegate.swift; sourceTree = "<group>"; };
		45AD8A232489594100B44B68 /* SceneDelegate.swift */ = {isa = PBXFileReference; lastKnownFileType = sourcecode.swift; path = SceneDelegate.swift; sourceTree = "<group>"; };
		45AD8A252489594100B44B68 /* MasterViewController.swift */ = {isa = PBXFileReference; lastKnownFileType = sourcecode.swift; path = MasterViewController.swift; sourceTree = "<group>"; };
		45AD8A282489594100B44B68 /* Base */ = {isa = PBXFileReference; lastKnownFileType = file.storyboard; name = Base; path = Base.lproj/Main.storyboard; sourceTree = "<group>"; };
		45AD8A2A2489594700B44B68 /* Assets.xcassets */ = {isa = PBXFileReference; lastKnownFileType = folder.assetcatalog; path = Assets.xcassets; sourceTree = "<group>"; };
		45AD8A2D2489594700B44B68 /* Base */ = {isa = PBXFileReference; lastKnownFileType = file.storyboard; name = Base; path = Base.lproj/LaunchScreen.storyboard; sourceTree = "<group>"; };
		45AD8A2F2489594700B44B68 /* Info.plist */ = {isa = PBXFileReference; lastKnownFileType = text.plist.xml; path = Info.plist; sourceTree = "<group>"; };
		45AD8A3624896B4900B44B68 /* BBViewController.swift */ = {isa = PBXFileReference; lastKnownFileType = sourcecode.swift; path = BBViewController.swift; sourceTree = "<group>"; };
		45AD8A3824896B5D00B44B68 /* ARViewController.swift */ = {isa = PBXFileReference; lastKnownFileType = sourcecode.swift; path = ARViewController.swift; sourceTree = "<group>"; };
		45AD8A3D24898C0200B44B68 /* StatusViewController.swift */ = {isa = PBXFileReference; lastKnownFileType = sourcecode.swift; path = StatusViewController.swift; sourceTree = "<group>"; };
		45AD8A3F24898D9100B44B68 /* LabelScene.sks */ = {isa = PBXFileReference; lastKnownFileType = file.sks; path = LabelScene.sks; sourceTree = "<group>"; };
		45AD8A4124898E0100B44B68 /* TemplateLabelNode.swift */ = {isa = PBXFileReference; fileEncoding = 4; lastKnownFileType = sourcecode.swift; path = TemplateLabelNode.swift; sourceTree = "<group>"; };
		45AD8A4424898FF900B44B68 /* Utilities.swift */ = {isa = PBXFileReference; fileEncoding = 4; lastKnownFileType = sourcecode.swift; path = Utilities.swift; sourceTree = "<group>"; };
		45AD8A462489914D00B44B68 /* ScuffedDetector.mlmodel */ = {isa = PBXFileReference; lastKnownFileType = file.mlmodel; path = ScuffedDetector.mlmodel; sourceTree = "<group>"; };
/* End PBXFileReference section */

/* Begin PBXFrameworksBuildPhase section */
		45AD8A1B2489594100B44B68 /* Frameworks */ = {
			isa = PBXFrameworksBuildPhase;
			buildActionMask = 2147483647;
			files = (
			);
			runOnlyForDeploymentPostprocessing = 0;
		};
/* End PBXFrameworksBuildPhase section */

/* Begin PBXGroup section */
		45AD8A152489594100B44B68 = {
			isa = PBXGroup;
			children = (
				45AD8A202489594100B44B68 /* EffaAR */,
				45AD8A1F2489594100B44B68 /* Products */,
			);
			sourceTree = "<group>";
		};
		45AD8A1F2489594100B44B68 /* Products */ = {
			isa = PBXGroup;
			children = (
				45AD8A1E2489594100B44B68 /* EffaAR.app */,
			);
			name = Products;
			sourceTree = "<group>";
		};
		45AD8A202489594100B44B68 /* EffaAR */ = {
			isa = PBXGroup;
			children = (
				45AD8A252489594100B44B68 /* MasterViewController.swift */,
				45AD8A3524895B4900B44B68 /* ChildViewControllers */,
				45AD8A4324898FEB00B44B68 /* Support */,
				45AD8A212489594100B44B68 /* AppDelegate.swift */,
				45AD8A232489594100B44B68 /* SceneDelegate.swift */,
				45AD8A272489594100B44B68 /* Main.storyboard */,
				45AD8A2A2489594700B44B68 /* Assets.xcassets */,
				45AD8A2C2489594700B44B68 /* LaunchScreen.storyboard */,
				45AD8A2F2489594700B44B68 /* Info.plist */,
				45AD8A3F24898D9100B44B68 /* LabelScene.sks */,
			);
			path = EffaAR;
			sourceTree = "<group>";
		};
		45AD8A3524895B4900B44B68 /* ChildViewControllers */ = {
			isa = PBXGroup;
			children = (
				45AD8A482489EBBE00B44B68 /* BBViews */,
				45AD8A3C24898BCD00B44B68 /* ARViews */,
			);
			path = ChildViewControllers;
			sourceTree = "<group>";
		};
		45AD8A3C24898BCD00B44B68 /* ARViews */ = {
			isa = PBXGroup;
			children = (
				45AD8A4124898E0100B44B68 /* TemplateLabelNode.swift */,
				45AD8A3824896B5D00B44B68 /* ARViewController.swift */,
				45AD8A3D24898C0200B44B68 /* StatusViewController.swift */,
			);
			path = ARViews;
			sourceTree = "<group>";
		};
		45AD8A4324898FEB00B44B68 /* Support */ = {
			isa = PBXGroup;
			children = (
				45AD8A462489914D00B44B68 /* ScuffedDetector.mlmodel */,
				45AD8A4424898FF900B44B68 /* Utilities.swift */,
			);
			path = Support;
			sourceTree = "<group>";
		};
		45AD8A482489EBBE00B44B68 /* BBViews */ = {
			isa = PBXGroup;
			children = (
				45AD8A3624896B4900B44B68 /* BBViewController.swift */,
			);
			path = BBViews;
			sourceTree = "<group>";
		};
/* End PBXGroup section */

/* Begin PBXNativeTarget section */
		45AD8A1D2489594100B44B68 /* EffaAR */ = {
			isa = PBXNativeTarget;
			buildConfigurationList = 45AD8A322489594700B44B68 /* Build configuration list for PBXNativeTarget "EffaAR" */;
			buildPhases = (
				45AD8A1A2489594100B44B68 /* Sources */,
				45AD8A1B2489594100B44B68 /* Frameworks */,
				45AD8A1C2489594100B44B68 /* Resources */,
			);
			buildRules = (
			);
			dependencies = (
			);
			name = EffaAR;
			productName = EffaAR;
			productReference = 45AD8A1E2489594100B44B68 /* EffaAR.app */;
			productType = "com.apple.product-type.application";
		};
/* End PBXNativeTarget section */

/* Begin PBXProject section */
		45AD8A162489594100B44B68 /* Project object */ = {
			isa = PBXProject;
			attributes = {
				LastSwiftUpdateCheck = 1150;
				LastUpgradeCheck = 1150;
				ORGANIZATIONNAME = "Haris Hadi";
				TargetAttributes = {
					45AD8A1D2489594100B44B68 = {
						CreatedOnToolsVersion = 11.5;
					};
				};
			};
			buildConfigurationList = 45AD8A192489594100B44B68 /* Build configuration list for PBXProject "EffaAR" */;
			compatibilityVersion = "Xcode 9.3";
			developmentRegion = en;
			hasScannedForEncodings = 0;
			knownRegions = (
				en,
				Base,
			);
			mainGroup = 45AD8A152489594100B44B68;
			productRefGroup = 45AD8A1F2489594100B44B68 /* Products */;
			projectDirPath = "";
			projectRoot = "";
			targets = (
				45AD8A1D2489594100B44B68 /* EffaAR */,
			);
		};
/* End PBXProject section */

/* Begin PBXResourcesBuildPhase section */
		45AD8A1C2489594100B44B68 /* Resources */ = {
			isa = PBXResourcesBuildPhase;
			buildActionMask = 2147483647;
			files = (
				45AD8A2E2489594700B44B68 /* LaunchScreen.storyboard in Resources */,
				45AD8A2B2489594700B44B68 /* Assets.xcassets in Resources */,
				45AD8A292489594100B44B68 /* Main.storyboard in Resources */,
				45AD8A4024898D9100B44B68 /* LabelScene.sks in Resources */,
			);
			runOnlyForDeploymentPostprocessing = 0;
		};
/* End PBXResourcesBuildPhase section */

/* Begin PBXSourcesBuildPhase section */
		45AD8A1A2489594100B44B68 /* Sources */ = {
			isa = PBXSourcesBuildPhase;
			buildActionMask = 2147483647;
			files = (
				45AD8A3E24898C0200B44B68 /* StatusViewController.swift in Sources */,
				45AD8A3724896B4900B44B68 /* BBViewController.swift in Sources */,
				45AD8A472489914D00B44B68 /* ScuffedDetector.mlmodel in Sources */,
				45AD8A262489594100B44B68 /* MasterViewController.swift in Sources */,
				45AD8A222489594100B44B68 /* AppDelegate.swift in Sources */,
				45AD8A4224898E0200B44B68 /* TemplateLabelNode.swift in Sources */,
				45AD8A242489594100B44B68 /* SceneDelegate.swift in Sources */,
				45AD8A4524898FF900B44B68 /* Utilities.swift in Sources */,
				45AD8A3924896B5D00B44B68 /* ARViewController.swift in Sources */,
			);
			runOnlyForDeploymentPostprocessing = 0;
		};
/* End PBXSourcesBuildPhase section */

/* Begin PBXVariantGroup section */
		45AD8A272489594100B44B68 /* Main.storyboard */ = {
			isa = PBXVariantGroup;
			children = (
				45AD8A282489594100B44B68 /* Base */,
			);
			name = Main.storyboard;
			sourceTree = "<group>";
		};
		45AD8A2C2489594700B44B68 /* LaunchScreen.storyboard */ = {
			isa = PBXVariantGroup;
			children = (
				45AD8A2D2489594700B44B68 /* Base */,
			);
			name = LaunchScreen.storyboard;
			sourceTree = "<group>";
		};
/* End PBXVariantGroup section */

/* Begin XCBuildConfiguration section */
		45AD8A302489594700B44B68 /* Debug */ = {
			isa = XCBuildConfiguration;
			buildSettings = {
				ALWAYS_SEARCH_USER_PATHS = NO;
				CLANG_ANALYZER_NONNULL = YES;
				CLANG_ANALYZER_NUMBER_OBJECT_CONVERSION = YES_AGGRESSIVE;
				CLANG_CXX_LANGUAGE_STANDARD = "gnu++14";
				CLANG_CXX_LIBRARY = "libc++";
				CLANG_ENABLE_MODULES = YES;
				CLANG_ENABLE_OBJC_ARC = YES;
				CLANG_ENABLE_OBJC_WEAK = YES;
				CLANG_WARN_BLOCK_CAPTURE_AUTORELEASING = YES;
				CLANG_WARN_BOOL_CONVERSION = YES;
				CLANG_WARN_COMMA = YES;
				CLANG_WARN_CONSTANT_CONVERSION = YES;
				CLANG_WARN_DEPRECATED_OBJC_IMPLEMENTATIONS = YES;
				CLANG_WARN_DIRECT_OBJC_ISA_USAGE = YES_ERROR;
				CLANG_WARN_DOCUMENTATION_COMMENTS = YES;
				CLANG_WARN_EMPTY_BODY = YES;
				CLANG_WARN_ENUM_CONVERSION = YES;
				CLANG_WARN_INFINITE_RECURSION = YES;
				CLANG_WARN_INT_CONVERSION = YES;
				CLANG_WARN_NON_LITERAL_NULL_CONVERSION = YES;
				CLANG_WARN_OBJC_IMPLICIT_RETAIN_SELF = YES;
				CLANG_WARN_OBJC_LITERAL_CONVERSION = YES;
				CLANG_WARN_OBJC_ROOT_CLASS = YES_ERROR;
				CLANG_WARN_RANGE_LOOP_ANALYSIS = YES;
				CLANG_WARN_STRICT_PROTOTYPES = YES;
				CLANG_WARN_SUSPICIOUS_MOVE = YES;
				CLANG_WARN_UNGUARDED_AVAILABILITY = YES_AGGRESSIVE;
				CLANG_WARN_UNREACHABLE_CODE = YES;
				CLANG_WARN__DUPLICATE_METHOD_MATCH = YES;
				COPY_PHASE_STRIP = NO;
				DEBUG_INFORMATION_FORMAT = dwarf;
				ENABLE_STRICT_OBJC_MSGSEND = YES;
				ENABLE_TESTABILITY = YES;
				GCC_C_LANGUAGE_STANDARD = gnu11;
				GCC_DYNAMIC_NO_PIC = NO;
				GCC_NO_COMMON_BLOCKS = YES;
				GCC_OPTIMIZATION_LEVEL = 0;
				GCC_PREPROCESSOR_DEFINITIONS = (
					"DEBUG=1",
					"$(inherited)",
				);
				GCC_WARN_64_TO_32_BIT_CONVERSION = YES;
				GCC_WARN_ABOUT_RETURN_TYPE = YES_ERROR;
				GCC_WARN_UNDECLARED_SELECTOR = YES;
				GCC_WARN_UNINITIALIZED_AUTOS = YES_AGGRESSIVE;
				GCC_WARN_UNUSED_FUNCTION = YES;
				GCC_WARN_UNUSED_VARIABLE = YES;
				IPHONEOS_DEPLOYMENT_TARGET = 13.5;
				MTL_ENABLE_DEBUG_INFO = INCLUDE_SOURCE;
				MTL_FAST_MATH = YES;
				ONLY_ACTIVE_ARCH = YES;
				SDKROOT = iphoneos;
				SWIFT_ACTIVE_COMPILATION_CONDITIONS = DEBUG;
				SWIFT_OPTIMIZATION_LEVEL = "-Onone";
			};
			name = Debug;
		};
		45AD8A312489594700B44B68 /* Release */ = {
			isa = XCBuildConfiguration;
			buildSettings = {
				ALWAYS_SEARCH_USER_PATHS = NO;
				CLANG_ANALYZER_NONNULL = YES;
				CLANG_ANALYZER_NUMBER_OBJECT_CONVERSION = YES_AGGRESSIVE;
				CLANG_CXX_LANGUAGE_STANDARD = "gnu++14";
				CLANG_CXX_LIBRARY = "libc++";
				CLANG_ENABLE_MODULES = YES;
				CLANG_ENABLE_OBJC_ARC = YES;
				CLANG_ENABLE_OBJC_WEAK = YES;
				CLANG_WARN_BLOCK_CAPTURE_AUTORELEASING = YES;
				CLANG_WARN_BOOL_CONVERSION = YES;
				CLANG_WARN_COMMA = YES;
				CLANG_WARN_CONSTANT_CONVERSION = YES;
				CLANG_WARN_DEPRECATED_OBJC_IMPLEMENTATIONS = YES;
				CLANG_WARN_DIRECT_OBJC_ISA_USAGE = YES_ERROR;
				CLANG_WARN_DOCUMENTATION_COMMENTS = YES;
				CLANG_WARN_EMPTY_BODY = YES;
				CLANG_WARN_ENUM_CONVERSION = YES;
				CLANG_WARN_INFINITE_RECURSION = YES;
				CLANG_WARN_INT_CONVERSION = YES;
				CLANG_WARN_NON_LITERAL_NULL_CONVERSION = YES;
				CLANG_WARN_OBJC_IMPLICIT_RETAIN_SELF = YES;
				CLANG_WARN_OBJC_LITERAL_CONVERSION = YES;
				CLANG_WARN_OBJC_ROOT_CLASS = YES_ERROR;
				CLANG_WARN_RANGE_LOOP_ANALYSIS = YES;
				CLANG_WARN_STRICT_PROTOTYPES = YES;
				CLANG_WARN_SUSPICIOUS_MOVE = YES;
				CLANG_WARN_UNGUARDED_AVAILABILITY = YES_AGGRESSIVE;
				CLANG_WARN_UNREACHABLE_CODE = YES;
				CLANG_WARN__DUPLICATE_METHOD_MATCH = YES;
				COPY_PHASE_STRIP = NO;
				DEBUG_INFORMATION_FORMAT = "dwarf-with-dsym";
				ENABLE_NS_ASSERTIONS = NO;
				ENABLE_STRICT_OBJC_MSGSEND = YES;
				GCC_C_LANGUAGE_STANDARD = gnu11;
				GCC_NO_COMMON_BLOCKS = YES;
				GCC_WARN_64_TO_32_BIT_CONVERSION = YES;
				GCC_WARN_ABOUT_RETURN_TYPE = YES_ERROR;
				GCC_WARN_UNDECLARED_SELECTOR = YES;
				GCC_WARN_UNINITIALIZED_AUTOS = YES_AGGRESSIVE;
				GCC_WARN_UNUSED_FUNCTION = YES;
				GCC_WARN_UNUSED_VARIABLE = YES;
				IPHONEOS_DEPLOYMENT_TARGET = 13.5;
				MTL_ENABLE_DEBUG_INFO = NO;
				MTL_FAST_MATH = YES;
				SDKROOT = iphoneos;
				SWIFT_COMPILATION_MODE = wholemodule;
				SWIFT_OPTIMIZATION_LEVEL = "-O";
				VALIDATE_PRODUCT = YES;
			};
			name = Release;
		};
		45AD8A332489594700B44B68 /* Debug */ = {
			isa = XCBuildConfiguration;
			buildSettings = {
				ASSETCATALOG_COMPILER_APPICON_NAME = AppIcon;
				CODE_SIGN_STYLE = Automatic;
				DEVELOPMENT_TEAM = KQ4GB8AK8Z;
				INFOPLIST_FILE = EffaAR/Info.plist;
				IPHONEOS_DEPLOYMENT_TARGET = 13.3;
				LD_RUNPATH_SEARCH_PATHS = (
					"$(inherited)",
					"@executable_path/Frameworks",
				);
				PRODUCT_BUNDLE_IDENTIFIER = DonutRanger.EffaAR;
				PRODUCT_NAME = "$(TARGET_NAME)";
				SWIFT_VERSION = 4.2;
				TARGETED_DEVICE_FAMILY = 1;
			};
			name = Debug;
		};
		45AD8A342489594700B44B68 /* Release */ = {
			isa = XCBuildConfiguration;
			buildSettings = {
				ASSETCATALOG_COMPILER_APPICON_NAME = AppIcon;
				CODE_SIGN_STYLE = Automatic;
				DEVELOPMENT_TEAM = KQ4GB8AK8Z;
				INFOPLIST_FILE = EffaAR/Info.plist;
				IPHONEOS_DEPLOYMENT_TARGET = 13.3;
				LD_RUNPATH_SEARCH_PATHS = (
					"$(inherited)",
					"@executable_path/Frameworks",
				);
				PRODUCT_BUNDLE_IDENTIFIER = DonutRanger.EffaAR;
				PRODUCT_NAME = "$(TARGET_NAME)";
				SWIFT_VERSION = 4.2;
				TARGETED_DEVICE_FAMILY = 1;
			};
			name = Release;
		};
/* End XCBuildConfiguration section */

/* Begin XCConfigurationList section */
		45AD8A192489594100B44B68 /* Build configuration list for PBXProject "EffaAR" */ = {
			isa = XCConfigurationList;
			buildConfigurations = (
				45AD8A302489594700B44B68 /* Debug */,
				45AD8A312489594700B44B68 /* Release */,
			);
			defaultConfigurationIsVisible = 0;
			defaultConfigurationName = Release;
		};
		45AD8A322489594700B44B68 /* Build configuration list for PBXNativeTarget "EffaAR" */ = {
			isa = XCConfigurationList;
			buildConfigurations = (
				45AD8A332489594700B44B68 /* Debug */,
				45AD8A342489594700B44B68 /* Release */,
			);
			defaultConfigurationIsVisible = 0;
			defaultConfigurationName = Release;
		};
/* End XCConfigurationList section */
	};
	rootObject = 45AD8A162489594100B44B68 /* Project object */;
}
